PODS:
  - AnyCodable-FlightSchool (0.6.2)
  - jsonfunctions (2.0.0):
    - AnyCodable-FlightSchool (~> 0.6)

DEPENDENCIES:
  - jsonfunctions (from `../`)

SPEC REPOS:
  trunk:
    - AnyCodable-FlightSchool

EXTERNAL SOURCES:
  jsonfunctions:
    :path: "../"

SPEC CHECKSUMS:
  AnyCodable-FlightSchool: ac75ed9bae659e16a41ebfa6c71a663d6f2c111c
  jsonfunctions: 78bdfd45f23ccd62cefd623e168b86d34a643142

PODFILE CHECKSUM: 140cfeb9bf92f8e1ab1caaa6906fb22eee0f1185

COCOAPODS: 1.11.2
