{
  "object": {
    "pins": [
      {
        "package": "AnyCodable",
        "repositoryURL": "https://github.com/clubspark-swift/AnyCodable",
        "state": {
          "branch": null,
          "revision": "4133a623c4dc1d1ba9a107cc9bbee954ada16c6a",
          "version": null
        }
      }
    ]
  },
  "version": 1
}
